
Microsoft Visual Studio Solution File, Format Version 12.00
# Visual Studio Version 16
VisualStudioVersion = 16.0.34301.259
MinimumVisualStudioVersion = 10.0.40219.1
Project("{FAE04EC0-301F-11D3-BF4B-00C04F79EFBC}") = "UserMaintenance", "UserMaintenance.csproj", "{D6EC692C-0C66-478F-8629-6B9A222D69A1}"
EndProject
Global
	GlobalSection(SolutionConfigurationPlatforms) = preSolution
		Debug|Any CPU = Debug|Any CPU
		Release|Any CPU = Release|Any CPU
	EndGlobalSection
	GlobalSection(ProjectConfigurationPlatforms) = postSolution
		{D6EC692C-0C66-478F-8629-6B9A222D69A1}.Debug|Any CPU.ActiveCfg = Debug|Any CPU
		{D6EC692C-0C66-478F-8629-6B9A222D69A1}.Debug|Any CPU.Build.0 = Debug|Any CPU
		{D6EC692C-0C66-478F-8629-6B9A222D69A1}.Release|Any CPU.ActiveCfg = Release|Any CPU
		{D6EC692C-0C66-478F-8629-6B9A222D69A1}.Release|Any CPU.Build.0 = Release|Any CPU
	EndGlobalSection
	GlobalSection(SolutionProperties) = preSolution
		HideSolutionNode = FALSE
	EndGlobalSection
	GlobalSection(ExtensibilityGlobals) = postSolution
		SolutionGuid = {9E291F4F-8D79-498E-B8EA-BC0D4516B38B}
	EndGlobalSection
EndGlobal
